# @generated by Move, please check-in and do not edit manually.

[move]
version = 3
manifest_digest = "C7D8E7A87646C06B296980A0B224AE788C699F08CB4EF53CC40C05897C9058AA"
deps_digest = "3C4103934B1E040BB6B23F1D610B4EF9F2F1166A50A104EADCF77467C004C600"
dependencies = [
  { id = "Sui", name = "Sui" },
  { id = "sparsity", name = "sparsity" },
]

[[move.package]]
id = "MoveStdlib"
source = { git = "https://github.com/MystenLabs/sui.git", rev = "framework/testnet", subdir = "crates/sui-framework/packages/move-stdlib" }

[[move.package]]
id = "Sui"
source = { git = "https://github.com/MystenLabs/sui.git", rev = "framework/testnet", subdir = "crates/sui-framework/packages/sui-framework" }

dependencies = [
  { id = "MoveStdlib", name = "MoveStdlib" },
]

[[move.package]]
id = "sparsity"
source = { local = "../outpost" }

dependencies = [
  { id = "Sui", name = "Sui" },
]

[move.toolchain-version]
compiler-version = "1.46.1"
edition = "2024.beta"
flavor = "sui"

[env]

[env.local]
chain-id = "989d764e"
original-published-id = "0x77fb74a9402d75e00ee5f6ea8d01e2fbe0d3aee58ca25756b1852e1f2906812b"
latest-published-id = "0x77fb74a9402d75e00ee5f6ea8d01e2fbe0d3aee58ca25756b1852e1f2906812b"
published-version = "1"
