# @generated by Move, please check-in and do not edit manually.

[move]
version = 3
manifest_digest = "FF04126EA1E17AC9FC4C1C5B0F0531A7BBCDAC243A23A0BD25D77ED89266A2F4"
deps_digest = "3C4103934B1E040BB6B23F1D610B4EF9F2F1166A50A104EADCF77467C004C600"
dependencies = [
  { id = "Sui", name = "Sui" },
  { id = "sparsity", name = "sparsity" },
]

[[move.package]]
id = "MoveStdlib"
source = { git = "https://github.com/MystenLabs/sui.git", rev = "framework/testnet", subdir = "crates/sui-framework/packages/move-stdlib" }

[[move.package]]
id = "Sui"
source = { git = "https://github.com/MystenLabs/sui.git", rev = "framework/testnet", subdir = "crates/sui-framework/packages/sui-framework" }

dependencies = [
  { id = "MoveStdlib", name = "MoveStdlib" },
]

[[move.package]]
id = "sparsity"
source = { local = "../outpost" }

dependencies = [
  { id = "Sui", name = "Sui" },
]

[move.toolchain-version]
compiler-version = "1.46.1"
edition = "2024.beta"
flavor = "sui"

[env]

[env.local]
chain-id = "b94d6089"
original-published-id = "0xfed750fb2ca15068425e66559a0e64189b2055838f5406893917ba04582afe58"
latest-published-id = "0xfed750fb2ca15068425e66559a0e64189b2055838f5406893917ba04582afe58"
published-version = "1"
