# @generated by Move, please check-in and do not edit manually.

[move]
version = 3
manifest_digest = "AEA53886D98FE42ABC7227B1A0D9881295C16130E66AB6C4F99E3E8E2C177361"
deps_digest = "3C4103934B1E040BB6B23F1D610B4EF9F2F1166A50A104EADCF77467C004C600"
dependencies = [
  { id = "Sui", name = "Sui" },
  { id = "sparsity", name = "sparsity" },
]

[[move.package]]
id = "MoveStdlib"
source = { git = "https://github.com/MystenLabs/sui.git", rev = "framework/testnet", subdir = "crates/sui-framework/packages/move-stdlib" }

[[move.package]]
id = "Sui"
source = { git = "https://github.com/MystenLabs/sui.git", rev = "framework/testnet", subdir = "crates/sui-framework/packages/sui-framework" }

dependencies = [
  { id = "MoveStdlib", name = "MoveStdlib" },
]

[[move.package]]
id = "sparsity"
source = { local = "../outpost" }

dependencies = [
  { id = "Sui", name = "Sui" },
]

[move.toolchain-version]
compiler-version = "1.46.1"
edition = "2024.beta"
flavor = "sui"

[env]

[env.local]
chain-id = "147868cb"
original-published-id = "0xd1dbcd310dec5a3231e3b1ef65ce1019aabbd3b00da33e349f6ae2b0d10d6b53"
latest-published-id = "0xd1dbcd310dec5a3231e3b1ef65ce1019aabbd3b00da33e349f6ae2b0d10d6b53"
published-version = "1"
