# @generated by Move, please check-in and do not edit manually.

[move]
version = 3
manifest_digest = "36B99715E90E8D5C24B61C69A95518C80CDCF15155BE4BF01D3F3F0C50BBF59B"
deps_digest = "F8BBB0CCB2491CA29A3DF03D6F92277A4F3574266507ACD77214D37ECA3F3082"
dependencies = [
  { id = "Sui", name = "Sui" },
]

[[move.package]]
id = "MoveStdlib"
source = { git = "https://github.com/MystenLabs/sui.git", rev = "framework/testnet", subdir = "crates/sui-framework/packages/move-stdlib" }

[[move.package]]
id = "Sui"
source = { git = "https://github.com/MystenLabs/sui.git", rev = "framework/testnet", subdir = "crates/sui-framework/packages/sui-framework" }

dependencies = [
  { id = "MoveStdlib", name = "MoveStdlib" },
]

[move.toolchain-version]
compiler-version = "1.47.0"
edition = "2024.beta"
flavor = "sui"

[env]

[env.local]
chain-id = "d6e7f681"
original-published-id = "0x6bc0a901f4f96490a9707eda598a2f584975bccdf24d220a9713aff2173bf6a9"
latest-published-id = "0x6bc0a901f4f96490a9707eda598a2f584975bccdf24d220a9713aff2173bf6a9"
published-version = "1"
