# @generated by Move, please check-in and do not edit manually.

[move]
version = 3
manifest_digest = "36B99715E90E8D5C24B61C69A95518C80CDCF15155BE4BF01D3F3F0C50BBF59B"
deps_digest = "F8BBB0CCB2491CA29A3DF03D6F92277A4F3574266507ACD77214D37ECA3F3082"
dependencies = [
  { id = "Sui", name = "Sui" },
]

[[move.package]]
id = "MoveStdlib"
source = { git = "https://github.com/MystenLabs/sui.git", rev = "framework/testnet", subdir = "crates/sui-framework/packages/move-stdlib" }

[[move.package]]
id = "Sui"
source = { git = "https://github.com/MystenLabs/sui.git", rev = "framework/testnet", subdir = "crates/sui-framework/packages/sui-framework" }

dependencies = [
  { id = "MoveStdlib", name = "MoveStdlib" },
]

[move.toolchain-version]
compiler-version = "1.46.1"
edition = "2024.beta"
flavor = "sui"

[env]

[env.local]
chain-id = "7fc5935b"
original-published-id = "0xa966190eb23c5b10e6045a1f5f9e721372ae8382bd1f247ca2a1d6aad11a324f"
latest-published-id = "0xa966190eb23c5b10e6045a1f5f9e721372ae8382bd1f247ca2a1d6aad11a324f"
published-version = "1"
